
Microsoft Visual Studio Solution File, Format Version 12.00
# Visual Studio Version 17
VisualStudioVersion = 17.2.32602.215
MinimumVisualStudioVersion = 10.0.40219.1
Project("{FAE04EC0-301F-11D3-BF4B-00C04F79EFBC}") = "PasswordAppAPI", "PasswordAppAPI\PasswordAppAPI.csproj", "{6189A7D5-E571-482B-98E6-C04BFD923959}"
EndProject
Global
	GlobalSection(SolutionConfigurationPlatforms) = preSolution
		Debug|Any CPU = Debug|Any CPU
		Release|Any CPU = Release|Any CPU
	EndGlobalSection
	GlobalSection(ProjectConfigurationPlatforms) = postSolution
		{6189A7D5-E571-482B-98E6-C04BFD923959}.Debug|Any CPU.ActiveCfg = Debug|Any CPU
		{6189A7D5-E571-482B-98E6-C04BFD923959}.Debug|Any CPU.Build.0 = Debug|Any CPU
		{6189A7D5-E571-482B-98E6-C04BFD923959}.Release|Any CPU.ActiveCfg = Release|Any CPU
		{6189A7D5-E571-482B-98E6-C04BFD923959}.Release|Any CPU.Build.0 = Release|Any CPU
	EndGlobalSection
	GlobalSection(SolutionProperties) = preSolution
		HideSolutionNode = FALSE
	EndGlobalSection
	GlobalSection(ExtensibilityGlobals) = postSolution
		SolutionGuid = {0CBEA29F-6D0D-4168-A8B5-916227527BDD}
	EndGlobalSection
EndGlobal
